// !$*UTF8*$!
{
	archiveVersion = 1;
	classes = {
	};
	objectVersion = 50;
	objects = {

/* Begin PBXBuildFile section */
		B283B5AE219A62B100D3EDDE /* AppDelegate.m in Sources */ = {isa = PBXBuildFile; fileRef = B283B5AD219A62B100D3EDDE /* AppDelegate.m */; };
		B283B5B1219A62B100D3EDDE /* ViewController.m in Sources */ = {isa = PBXBuildFile; fileRef = B283B5B0219A62B100D3EDDE /* ViewController.m */; };
		B283B5B4219A62B100D3EDDE /* Main.storyboard in Resources */ = {isa = PBXBuildFile; fileRef = B283B5B2219A62B100D3EDDE /* Main.storyboard */; };
		B283B5B6219A62B300D3EDDE /* Assets.xcassets in Resources */ = {isa = PBXBuildFile; fileRef = B283B5B5219A62B300D3EDDE /* Assets.xcassets */; };
		B283B5B9219A62B300D3EDDE /* LaunchScreen.storyboard in Resources */ = {isa = PBXBuildFile; fileRef = B283B5B7219A62B300D3EDDE /* LaunchScreen.storyboard */; };
		B283B5BC219A62B300D3EDDE /* main.m in Sources */ = {isa = PBXBuildFile; fileRef = B283B5BB219A62B300D3EDDE /* main.m */; };
		B283B5C8219A62FB00D3EDDE /* AppCenter.framework in Frameworks */ = {isa = PBXBuildFile; fileRef = B283B5C2219A62FA00D3EDDE /* AppCenter.framework */; };
		B283B5C9219A62FB00D3EDDE /* AppCenterDistribute.framework in Frameworks */ = {isa = PBXBuildFile; fileRef = B283B5C3219A62FA00D3EDDE /* AppCenterDistribute.framework */; };
		B283B5CA219A62FB00D3EDDE /* AppCenterPush.framework in Frameworks */ = {isa = PBXBuildFile; fileRef = B283B5C4219A62FA00D3EDDE /* AppCenterPush.framework */; };
		B283B5CB219A62FB00D3EDDE /* AppCenterAnalytics.framework in Frameworks */ = {isa = PBXBuildFile; fileRef = B283B5C5219A62FA00D3EDDE /* AppCenterAnalytics.framework */; };
		B283B5CC219A62FB00D3EDDE /* AppCenterCrashes.framework in Frameworks */ = {isa = PBXBuildFile; fileRef = B283B5C6219A62FA00D3EDDE /* AppCenterCrashes.framework */; };
		B283B5CD219A62FB00D3EDDE /* AppCenterDistributeResources.bundle in Resources */ = {isa = PBXBuildFile; fileRef = B283B5C7219A62FB00D3EDDE /* AppCenterDistributeResources.bundle */; };
/* End PBXBuildFile section */

/* Begin PBXFileReference section */
		B283B5A9219A62B100D3EDDE /* Test941Project.app */ = {isa = PBXFileReference; explicitFileType = wrapper.application; includeInIndex = 0; path = Test941Project.app; sourceTree = BUILT_PRODUCTS_DIR; };
		B283B5AC219A62B100D3EDDE /* AppDelegate.h */ = {isa = PBXFileReference; lastKnownFileType = sourcecode.c.h; path = AppDelegate.h; sourceTree = "<group>"; };
		B283B5AD219A62B100D3EDDE /* AppDelegate.m */ = {isa = PBXFileReference; lastKnownFileType = sourcecode.c.objc; path = AppDelegate.m; sourceTree = "<group>"; };
		B283B5AF219A62B100D3EDDE /* ViewController.h */ = {isa = PBXFileReference; lastKnownFileType = sourcecode.c.h; path = ViewController.h; sourceTree = "<group>"; };
		B283B5B0219A62B100D3EDDE /* ViewController.m */ = {isa = PBXFileReference; lastKnownFileType = sourcecode.c.objc; path = ViewController.m; sourceTree = "<group>"; };
		B283B5B3219A62B100D3EDDE /* Base */ = {isa = PBXFileReference; lastKnownFileType = file.storyboard; name = Base; path = Base.lproj/Main.storyboard; sourceTree = "<group>"; };
		B283B5B5219A62B300D3EDDE /* Assets.xcassets */ = {isa = PBXFileReference; lastKnownFileType = folder.assetcatalog; path = Assets.xcassets; sourceTree = "<group>"; };
		B283B5B8219A62B300D3EDDE /* Base */ = {isa = PBXFileReference; lastKnownFileType = file.storyboard; name = Base; path = Base.lproj/LaunchScreen.storyboard; sourceTree = "<group>"; };
		B283B5BA219A62B300D3EDDE /* Info.plist */ = {isa = PBXFileReference; lastKnownFileType = text.plist.xml; path = Info.plist; sourceTree = "<group>"; };
		B283B5BB219A62B300D3EDDE /* main.m */ = {isa = PBXFileReference; lastKnownFileType = sourcecode.c.objc; path = main.m; sourceTree = "<group>"; };
		B283B5C2219A62FA00D3EDDE /* AppCenter.framework */ = {isa = PBXFileReference; lastKnownFileType = wrapper.framework; name = AppCenter.framework; path = Vendor/AppCenter.framework; sourceTree = "<group>"; };
		B283B5C3219A62FA00D3EDDE /* AppCenterDistribute.framework */ = {isa = PBXFileReference; lastKnownFileType = wrapper.framework; name = AppCenterDistribute.framework; path = Vendor/AppCenterDistribute.framework; sourceTree = "<group>"; };
		B283B5C4219A62FA00D3EDDE /* AppCenterPush.framework */ = {isa = PBXFileReference; lastKnownFileType = wrapper.framework; name = AppCenterPush.framework; path = Vendor/AppCenterPush.framework; sourceTree = "<group>"; };
		B283B5C5219A62FA00D3EDDE /* AppCenterAnalytics.framework */ = {isa = PBXFileReference; lastKnownFileType = wrapper.framework; name = AppCenterAnalytics.framework; path = Vendor/AppCenterAnalytics.framework; sourceTree = "<group>"; };
		B283B5C6219A62FA00D3EDDE /* AppCenterCrashes.framework */ = {isa = PBXFileReference; lastKnownFileType = wrapper.framework; name = AppCenterCrashes.framework; path = Vendor/AppCenterCrashes.framework; sourceTree = "<group>"; };
		B283B5C7219A62FB00D3EDDE /* AppCenterDistributeResources.bundle */ = {isa = PBXFileReference; lastKnownFileType = "wrapper.plug-in"; name = AppCenterDistributeResources.bundle; path = Vendor/AppCenterDistributeResources.bundle; sourceTree = "<group>"; };
/* End PBXFileReference section */

/* Begin PBXFrameworksBuildPhase section */
		B283B5A6219A62B100D3EDDE /* Frameworks */ = {
			isa = PBXFrameworksBuildPhase;
			buildActionMask = 2147483647;
			files = (
				B283B5CA219A62FB00D3EDDE /* AppCenterPush.framework in Frameworks */,
				B283B5C9219A62FB00D3EDDE /* AppCenterDistribute.framework in Frameworks */,
				B283B5CB219A62FB00D3EDDE /* AppCenterAnalytics.framework in Frameworks */,
				B283B5C8219A62FB00D3EDDE /* AppCenter.framework in Frameworks */,
				B283B5CC219A62FB00D3EDDE /* AppCenterCrashes.framework in Frameworks */,
			);
			runOnlyForDeploymentPostprocessing = 0;
		};
/* End PBXFrameworksBuildPhase section */

/* Begin PBXGroup section */
		B283B5A0219A62B100D3EDDE = {
			isa = PBXGroup;
			children = (
				B283B5AB219A62B100D3EDDE /* Test941Project */,
				B283B5AA219A62B100D3EDDE /* Products */,
				B283B5C2219A62FA00D3EDDE /* AppCenter.framework */,
				B283B5C5219A62FA00D3EDDE /* AppCenterAnalytics.framework */,
				B283B5C6219A62FA00D3EDDE /* AppCenterCrashes.framework */,
				B283B5C3219A62FA00D3EDDE /* AppCenterDistribute.framework */,
				B283B5C7219A62FB00D3EDDE /* AppCenterDistributeResources.bundle */,
				B283B5C4219A62FA00D3EDDE /* AppCenterPush.framework */,
			);
			sourceTree = "<group>";
		};
		B283B5AA219A62B100D3EDDE /* Products */ = {
			isa = PBXGroup;
			children = (
				B283B5A9219A62B100D3EDDE /* Test941Project.app */,
			);
			name = Products;
			sourceTree = "<group>";
		};
		B283B5AB219A62B100D3EDDE /* Test941Project */ = {
			isa = PBXGroup;
			children = (
				B283B5AC219A62B100D3EDDE /* AppDelegate.h */,
				B283B5AD219A62B100D3EDDE /* AppDelegate.m */,
				B283B5AF219A62B100D3EDDE /* ViewController.h */,
				B283B5B0219A62B100D3EDDE /* ViewController.m */,
				B283B5B2219A62B100D3EDDE /* Main.storyboard */,
				B283B5B5219A62B300D3EDDE /* Assets.xcassets */,
				B283B5B7219A62B300D3EDDE /* LaunchScreen.storyboard */,
				B283B5BA219A62B300D3EDDE /* Info.plist */,
				B283B5BB219A62B300D3EDDE /* main.m */,
			);
			path = Test941Project;
			sourceTree = "<group>";
		};
/* End PBXGroup section */

/* Begin PBXNativeTarget section */
		B283B5A8219A62B100D3EDDE /* Test941Project */ = {
			isa = PBXNativeTarget;
			buildConfigurationList = B283B5BF219A62B300D3EDDE /* Build configuration list for PBXNativeTarget "Test941Project" */;
			buildPhases = (
				B283B5A5219A62B100D3EDDE /* Sources */,
				B283B5A6219A62B100D3EDDE /* Frameworks */,
				B283B5A7219A62B100D3EDDE /* Resources */,
			);
			buildRules = (
			);
			dependencies = (
			);
			name = Test941Project;
			productName = Test941Project;
			productReference = B283B5A9219A62B100D3EDDE /* Test941Project.app */;
			productType = "com.apple.product-type.application";
		};
/* End PBXNativeTarget section */

/* Begin PBXProject section */
		B283B5A1219A62B100D3EDDE /* Project object */ = {
			isa = PBXProject;
			attributes = {
				LastUpgradeCheck = 0940;
				ORGANIZATIONNAME = "Benjamin Schiltysik";
				TargetAttributes = {
					B283B5A8219A62B100D3EDDE = {
						CreatedOnToolsVersion = 9.4.1;
					};
				};
			};
			buildConfigurationList = B283B5A4219A62B100D3EDDE /* Build configuration list for PBXProject "Test941Project" */;
			compatibilityVersion = "Xcode 9.3";
			developmentRegion = en;
			hasScannedForEncodings = 0;
			knownRegions = (
				en,
				Base,
			);
			mainGroup = B283B5A0219A62B100D3EDDE;
			productRefGroup = B283B5AA219A62B100D3EDDE /* Products */;
			projectDirPath = "";
			projectRoot = "";
			targets = (
				B283B5A8219A62B100D3EDDE /* Test941Project */,
			);
		};
/* End PBXProject section */

/* Begin PBXResourcesBuildPhase section */
		B283B5A7219A62B100D3EDDE /* Resources */ = {
			isa = PBXResourcesBuildPhase;
			buildActionMask = 2147483647;
			files = (
				B283B5B9219A62B300D3EDDE /* LaunchScreen.storyboard in Resources */,
				B283B5B6219A62B300D3EDDE /* Assets.xcassets in Resources */,
				B283B5B4219A62B100D3EDDE /* Main.storyboard in Resources */,
				B283B5CD219A62FB00D3EDDE /* AppCenterDistributeResources.bundle in Resources */,
			);
			runOnlyForDeploymentPostprocessing = 0;
		};
/* End PBXResourcesBuildPhase section */

/* Begin PBXSourcesBuildPhase section */
		B283B5A5219A62B100D3EDDE /* Sources */ = {
			isa = PBXSourcesBuildPhase;
			buildActionMask = 2147483647;
			files = (
				B283B5B1219A62B100D3EDDE /* ViewController.m in Sources */,
				B283B5BC219A62B300D3EDDE /* main.m in Sources */,
				B283B5AE219A62B100D3EDDE /* AppDelegate.m in Sources */,
			);
			runOnlyForDeploymentPostprocessing = 0;
		};
/* End PBXSourcesBuildPhase section */

/* Begin PBXVariantGroup section */
		B283B5B2219A62B100D3EDDE /* Main.storyboard */ = {
			isa = PBXVariantGroup;
			children = (
				B283B5B3219A62B100D3EDDE /* Base */,
			);
			name = Main.storyboard;
			sourceTree = "<group>";
		};
		B283B5B7219A62B300D3EDDE /* LaunchScreen.storyboard */ = {
			isa = PBXVariantGroup;
			children = (
				B283B5B8219A62B300D3EDDE /* Base */,
			);
			name = LaunchScreen.storyboard;
			sourceTree = "<group>";
		};
/* End PBXVariantGroup section */

/* Begin XCBuildConfiguration section */
		B283B5BD219A62B300D3EDDE /* Debug */ = {
			isa = XCBuildConfiguration;
			buildSettings = {
				ALWAYS_SEARCH_USER_PATHS = NO;
				ARCHS = (
					"$(ARCHS_STANDARD)",
					armv7,
					armv7s,
					arm64e,
				);
				CLANG_ANALYZER_NONNULL = YES;
				CLANG_ANALYZER_NUMBER_OBJECT_CONVERSION = YES_AGGRESSIVE;
				CLANG_CXX_LANGUAGE_STANDARD = "gnu++14";
				CLANG_CXX_LIBRARY = "libc++";
				CLANG_ENABLE_MODULES = YES;
				CLANG_ENABLE_OBJC_ARC = YES;
				CLANG_ENABLE_OBJC_WEAK = YES;
				CLANG_WARN_BLOCK_CAPTURE_AUTORELEASING = YES;
				CLANG_WARN_BOOL_CONVERSION = YES;
				CLANG_WARN_COMMA = YES;
				CLANG_WARN_CONSTANT_CONVERSION = YES;
				CLANG_WARN_DEPRECATED_OBJC_IMPLEMENTATIONS = YES;
				CLANG_WARN_DIRECT_OBJC_ISA_USAGE = YES_ERROR;
				CLANG_WARN_DOCUMENTATION_COMMENTS = YES;
				CLANG_WARN_EMPTY_BODY = YES;
				CLANG_WARN_ENUM_CONVERSION = YES;
				CLANG_WARN_INFINITE_RECURSION = YES;
				CLANG_WARN_INT_CONVERSION = YES;
				CLANG_WARN_NON_LITERAL_NULL_CONVERSION = YES;
				CLANG_WARN_OBJC_IMPLICIT_RETAIN_SELF = YES;
				CLANG_WARN_OBJC_LITERAL_CONVERSION = YES;
				CLANG_WARN_OBJC_ROOT_CLASS = YES_ERROR;
				CLANG_WARN_RANGE_LOOP_ANALYSIS = YES;
				CLANG_WARN_STRICT_PROTOTYPES = YES;
				CLANG_WARN_SUSPICIOUS_MOVE = YES;
				CLANG_WARN_UNGUARDED_AVAILABILITY = YES_AGGRESSIVE;
				CLANG_WARN_UNREACHABLE_CODE = YES;
				CLANG_WARN__DUPLICATE_METHOD_MATCH = YES;
				CODE_SIGN_IDENTITY = "iPhone Developer";
				COPY_PHASE_STRIP = NO;
				DEBUG_INFORMATION_FORMAT = dwarf;
				ENABLE_STRICT_OBJC_MSGSEND = YES;
				ENABLE_TESTABILITY = YES;
				GCC_C_LANGUAGE_STANDARD = gnu11;
				GCC_DYNAMIC_NO_PIC = NO;
				GCC_NO_COMMON_BLOCKS = YES;
				GCC_OPTIMIZATION_LEVEL = 0;
				GCC_PREPROCESSOR_DEFINITIONS = (
					"DEBUG=1",
					"$(inherited)",
				);
				GCC_WARN_64_TO_32_BIT_CONVERSION = YES;
				GCC_WARN_ABOUT_RETURN_TYPE = YES_ERROR;
				GCC_WARN_UNDECLARED_SELECTOR = YES;
				GCC_WARN_UNINITIALIZED_AUTOS = YES_AGGRESSIVE;
				GCC_WARN_UNUSED_FUNCTION = YES;
				GCC_WARN_UNUSED_VARIABLE = YES;
				IPHONEOS_DEPLOYMENT_TARGET = 9.0;
				MTL_ENABLE_DEBUG_INFO = YES;
				ONLY_ACTIVE_ARCH = YES;
				SDKROOT = iphoneos;
			};
			name = Debug;
		};
		B283B5BE219A62B300D3EDDE /* Release */ = {
			isa = XCBuildConfiguration;
			buildSettings = {
				ALWAYS_SEARCH_USER_PATHS = NO;
				ARCHS = (
					"$(ARCHS_STANDARD)",
					armv7,
					armv7s,
					arm64e,
				);
				CLANG_ANALYZER_NONNULL = YES;
				CLANG_ANALYZER_NUMBER_OBJECT_CONVERSION = YES_AGGRESSIVE;
				CLANG_CXX_LANGUAGE_STANDARD = "gnu++14";
				CLANG_CXX_LIBRARY = "libc++";
				CLANG_ENABLE_MODULES = YES;
				CLANG_ENABLE_OBJC_ARC = YES;
				CLANG_ENABLE_OBJC_WEAK = YES;
				CLANG_WARN_BLOCK_CAPTURE_AUTORELEASING = YES;
				CLANG_WARN_BOOL_CONVERSION = YES;
				CLANG_WARN_COMMA = YES;
				CLANG_WARN_CONSTANT_CONVERSION = YES;
				CLANG_WARN_DEPRECATED_OBJC_IMPLEMENTATIONS = YES;
				CLANG_WARN_DIRECT_OBJC_ISA_USAGE = YES_ERROR;
				CLANG_WARN_DOCUMENTATION_COMMENTS = YES;
				CLANG_WARN_EMPTY_BODY = YES;
				CLANG_WARN_ENUM_CONVERSION = YES;
				CLANG_WARN_INFINITE_RECURSION = YES;
				CLANG_WARN_INT_CONVERSION = YES;
				CLANG_WARN_NON_LITERAL_NULL_CONVERSION = YES;
				CLANG_WARN_OBJC_IMPLICIT_RETAIN_SELF = YES;
				CLANG_WARN_OBJC_LITERAL_CONVERSION = YES;
				CLANG_WARN_OBJC_ROOT_CLASS = YES_ERROR;
				CLANG_WARN_RANGE_LOOP_ANALYSIS = YES;
				CLANG_WARN_STRICT_PROTOTYPES = YES;
				CLANG_WARN_SUSPICIOUS_MOVE = YES;
				CLANG_WARN_UNGUARDED_AVAILABILITY = YES_AGGRESSIVE;
				CLANG_WARN_UNREACHABLE_CODE = YES;
				CLANG_WARN__DUPLICATE_METHOD_MATCH = YES;
				CODE_SIGN_IDENTITY = "iPhone Developer";
				COPY_PHASE_STRIP = NO;
				DEBUG_INFORMATION_FORMAT = "dwarf-with-dsym";
				ENABLE_NS_ASSERTIONS = NO;
				ENABLE_STRICT_OBJC_MSGSEND = YES;
				GCC_C_LANGUAGE_STANDARD = gnu11;
				GCC_NO_COMMON_BLOCKS = YES;
				GCC_WARN_64_TO_32_BIT_CONVERSION = YES;
				GCC_WARN_ABOUT_RETURN_TYPE = YES_ERROR;
				GCC_WARN_UNDECLARED_SELECTOR = YES;
				GCC_WARN_UNINITIALIZED_AUTOS = YES_AGGRESSIVE;
				GCC_WARN_UNUSED_FUNCTION = YES;
				GCC_WARN_UNUSED_VARIABLE = YES;
				IPHONEOS_DEPLOYMENT_TARGET = 9.0;
				MTL_ENABLE_DEBUG_INFO = NO;
				SDKROOT = iphoneos;
				VALIDATE_PRODUCT = YES;
			};
			name = Release;
		};
		B283B5C0219A62B300D3EDDE /* Debug */ = {
			isa = XCBuildConfiguration;
			buildSettings = {
				ARCHS = (
					"$(ARCHS_STANDARD)",
					arm64e,
				);
				ASSETCATALOG_COMPILER_APPICON_NAME = AppIcon;
				CODE_SIGN_STYLE = Manual;
				DEVELOPMENT_TEAM = "";
				FRAMEWORK_SEARCH_PATHS = (
					"$(inherited)",
					"$(PROJECT_DIR)/Vendor",
				);
				INFOPLIST_FILE = Test941Project/Info.plist;
				LD_RUNPATH_SEARCH_PATHS = (
					"$(inherited)",
					"@executable_path/Frameworks",
				);
				PRODUCT_BUNDLE_IDENTIFIER = de.elektrojunge.Test941Project;
				PRODUCT_NAME = "$(TARGET_NAME)";
				PROVISIONING_PROFILE_SPECIFIER = "";
				TARGETED_DEVICE_FAMILY = "1,2";
			};
			name = Debug;
		};
		B283B5C1219A62B300D3EDDE /* Release */ = {
			isa = XCBuildConfiguration;
			buildSettings = {
				ARCHS = (
					"$(ARCHS_STANDARD)",
					arm64e,
				);
				ASSETCATALOG_COMPILER_APPICON_NAME = AppIcon;
				CODE_SIGN_STYLE = Manual;
				DEVELOPMENT_TEAM = 5Z97G9NZQ6;
				FRAMEWORK_SEARCH_PATHS = (
					"$(inherited)",
					"$(PROJECT_DIR)/Vendor",
				);
				INFOPLIST_FILE = Test941Project/Info.plist;
				LD_RUNPATH_SEARCH_PATHS = (
					"$(inherited)",
					"@executable_path/Frameworks",
				);
				PRODUCT_BUNDLE_IDENTIFIER = de.elektrojunge.Test941Project;
				PRODUCT_NAME = "$(TARGET_NAME)";
				PROVISIONING_PROFILE = "106d055e-79bb-4063-aaba-8cffdc9ac285";
				PROVISIONING_PROFILE_SPECIFIER = "Benny Dev Wildcard Profile";
				TARGETED_DEVICE_FAMILY = "1,2";
			};
			name = Release;
		};
/* End XCBuildConfiguration section */

/* Begin XCConfigurationList section */
		B283B5A4219A62B100D3EDDE /* Build configuration list for PBXProject "Test941Project" */ = {
			isa = XCConfigurationList;
			buildConfigurations = (
				B283B5BD219A62B300D3EDDE /* Debug */,
				B283B5BE219A62B300D3EDDE /* Release */,
			);
			defaultConfigurationIsVisible = 0;
			defaultConfigurationName = Release;
		};
		B283B5BF219A62B300D3EDDE /* Build configuration list for PBXNativeTarget "Test941Project" */ = {
			isa = XCConfigurationList;
			buildConfigurations = (
				B283B5C0219A62B300D3EDDE /* Debug */,
				B283B5C1219A62B300D3EDDE /* Release */,
			);
			defaultConfigurationIsVisible = 0;
			defaultConfigurationName = Release;
		};
/* End XCConfigurationList section */
	};
	rootObject = B283B5A1219A62B100D3EDDE /* Project object */;
}
